
Microsoft Visual Studio Solution File, Format Version 12.00
# Visual Studio 15
VisualStudioVersion = 15.0.28010.2050
MinimumVisualStudioVersion = 10.0.40219.1
Project("{2150E333-8FDC-42A3-9474-1A3956D46DE8}") = "src", "src", "{7714204A-4939-45A2-A80D-47C6A85CA06C}"
EndProject
Project("{2150E333-8FDC-42A3-9474-1A3956D46DE8}") = "services", "services", "{49DB6D73-F16F-41B4-A138-363A59A31D34}"
EndProject
Project("{2150E333-8FDC-42A3-9474-1A3956D46DE8}") = "web", "web", "{69B99018-430C-4BC2-8CB1-20F9C98BA8BC}"
EndProject
Project("{FAE04EC0-301F-11D3-BF4B-00C04F79EFBC}") = "ProductCatalogAPI", "ProductCatalogAPI\ProductCatalogAPI.csproj", "{0C90D08A-C2B0-4AC3-AE30-F205AEFBD5FC}"
EndProject
Global
	GlobalSection(SolutionConfigurationPlatforms) = preSolution
		Debug|Any CPU = Debug|Any CPU
		Release|Any CPU = Release|Any CPU
	EndGlobalSection
	GlobalSection(ProjectConfigurationPlatforms) = postSolution
		{0C90D08A-C2B0-4AC3-AE30-F205AEFBD5FC}.Debug|Any CPU.ActiveCfg = Debug|Any CPU
		{0C90D08A-C2B0-4AC3-AE30-F205AEFBD5FC}.Debug|Any CPU.Build.0 = Debug|Any CPU
		{0C90D08A-C2B0-4AC3-AE30-F205AEFBD5FC}.Release|Any CPU.ActiveCfg = Release|Any CPU
		{0C90D08A-C2B0-4AC3-AE30-F205AEFBD5FC}.Release|Any CPU.Build.0 = Release|Any CPU
	EndGlobalSection
	GlobalSection(SolutionProperties) = preSolution
		HideSolutionNode = FALSE
	EndGlobalSection
	GlobalSection(NestedProjects) = preSolution
		{49DB6D73-F16F-41B4-A138-363A59A31D34} = {7714204A-4939-45A2-A80D-47C6A85CA06C}
		{69B99018-430C-4BC2-8CB1-20F9C98BA8BC} = {7714204A-4939-45A2-A80D-47C6A85CA06C}
		{0C90D08A-C2B0-4AC3-AE30-F205AEFBD5FC} = {49DB6D73-F16F-41B4-A138-363A59A31D34}
	EndGlobalSection
	GlobalSection(ExtensibilityGlobals) = postSolution
		SolutionGuid = {1A15BA8F-AF49-42DD-9847-861E786BE7C2}
	EndGlobalSection
EndGlobal
